
Microsoft Visual Studio Solution File, Format Version 11.00
# Visual Studio 2010
Project("{8BC9CEB8-8B4A-11D0-8D11-00A0C91BC942}") = "NamedPipeServer", "NamedPipeServer\NamedPipeServer.vcxproj", "{0787AF6C-1389-441E-8D03-741B53607436}"
EndProject
Project("{8BC9CEB8-8B4A-11D0-8D11-00A0C91BC942}") = "NamedPipeClient", "NamedPipeClient\NamedPipeClient.vcxproj", "{C19999C1-50D7-49E8-8969-221AE5ADFE2F}"
EndProject
Global
	GlobalSection(SolutionConfigurationPlatforms) = preSolution
		Debug|Win32 = Debug|Win32
		Release|Win32 = Release|Win32
	EndGlobalSection
	GlobalSection(ProjectConfigurationPlatforms) = postSolution
		{0787AF6C-1389-441E-8D03-741B53607436}.Debug|Win32.ActiveCfg = Debug|Win32
		{0787AF6C-1389-441E-8D03-741B53607436}.Debug|Win32.Build.0 = Debug|Win32
		{0787AF6C-1389-441E-8D03-741B53607436}.Release|Win32.ActiveCfg = Release|Win32
		{0787AF6C-1389-441E-8D03-741B53607436}.Release|Win32.Build.0 = Release|Win32
		{C19999C1-50D7-49E8-8969-221AE5ADFE2F}.Debug|Win32.ActiveCfg = Debug|Win32
		{C19999C1-50D7-49E8-8969-221AE5ADFE2F}.Debug|Win32.Build.0 = Debug|Win32
		{C19999C1-50D7-49E8-8969-221AE5ADFE2F}.Release|Win32.ActiveCfg = Release|Win32
		{C19999C1-50D7-49E8-8969-221AE5ADFE2F}.Release|Win32.Build.0 = Release|Win32
	EndGlobalSection
	GlobalSection(SolutionProperties) = preSolution
		HideSolutionNode = FALSE
	EndGlobalSection
EndGlobal
